
Microsoft Visual Studio Solution File, Format Version 12.00
# Visual Studio 15
VisualStudioVersion = 15.0.28306.52
MinimumVisualStudioVersion = 10.0.40219.1
Project("{FAE04EC0-301F-11D3-BF4B-00C04F79EFBC}") = "GivePenny.GherkinCore.TestAdapter", "GivePenny.GherkinCore.TestAdapter\GivePenny.GherkinCore.TestAdapter.csproj", "{84DA2C3E-C51B-43BF-82D7-C54025718958}"
EndProject
Global
	GlobalSection(SolutionConfigurationPlatforms) = preSolution
		Debug|Any CPU = Debug|Any CPU
		Release|Any CPU = Release|Any CPU
	EndGlobalSection
	GlobalSection(ProjectConfigurationPlatforms) = postSolution
		{84DA2C3E-C51B-43BF-82D7-C54025718958}.Debug|Any CPU.ActiveCfg = Debug|Any CPU
		{84DA2C3E-C51B-43BF-82D7-C54025718958}.Debug|Any CPU.Build.0 = Debug|Any CPU
		{84DA2C3E-C51B-43BF-82D7-C54025718958}.Release|Any CPU.ActiveCfg = Release|Any CPU
		{84DA2C3E-C51B-43BF-82D7-C54025718958}.Release|Any CPU.Build.0 = Release|Any CPU
	EndGlobalSection
	GlobalSection(SolutionProperties) = preSolution
		HideSolutionNode = FALSE
	EndGlobalSection
	GlobalSection(ExtensibilityGlobals) = postSolution
		SolutionGuid = {B2F29ACA-9D7D-40CF-8192-83F27CCB2A76}
	EndGlobalSection
EndGlobal
